// !$*UTF8*$!
{
	archiveVersion = 1;
	classes = {
	};
	objectVersion = 55;
	objects = {

/* Begin PBXBuildFile section */
		36100A1028772333003A8456 /* MarketCupApp.swift in Sources */ = {isa = PBXBuildFile; fileRef = 36100A0F28772333003A8456 /* MarketCupApp.swift */; };
		36100A1228772333003A8456 /* CoinListView.swift in Sources */ = {isa = PBXBuildFile; fileRef = 36100A1128772333003A8456 /* CoinListView.swift */; };
		36100A1428772334003A8456 /* Assets.xcassets in Resources */ = {isa = PBXBuildFile; fileRef = 36100A1328772334003A8456 /* Assets.xcassets */; };
		36100A1728772335003A8456 /* Preview Assets.xcassets in Resources */ = {isa = PBXBuildFile; fileRef = 36100A1628772335003A8456 /* Preview Assets.xcassets */; };
		36100A1F28772445003A8456 /* Market.swift in Sources */ = {isa = PBXBuildFile; fileRef = 36100A1E28772445003A8456 /* Market.swift */; };
		36100A21287724DA003A8456 /* Roi.swift in Sources */ = {isa = PBXBuildFile; fileRef = 36100A20287724DA003A8456 /* Roi.swift */; };
		36100A292877276A003A8456 /* Endpoint.swift in Sources */ = {isa = PBXBuildFile; fileRef = 36100A282877276A003A8456 /* Endpoint.swift */; };
		36100A2B28772814003A8456 /* RequestMethod.swift in Sources */ = {isa = PBXBuildFile; fileRef = 36100A2A28772814003A8456 /* RequestMethod.swift */; };
		36100A2D28772847003A8456 /* APIError.swift in Sources */ = {isa = PBXBuildFile; fileRef = 36100A2C28772847003A8456 /* APIError.swift */; };
		36100A2F28772879003A8456 /* NetworkService.swift in Sources */ = {isa = PBXBuildFile; fileRef = 36100A2E28772879003A8456 /* NetworkService.swift */; };
		36100A3228772A45003A8456 /* MarketsService.swift in Sources */ = {isa = PBXBuildFile; fileRef = 36100A3128772A45003A8456 /* MarketsService.swift */; };
		36100A3628773022003A8456 /* CoinListViewModel.swift in Sources */ = {isa = PBXBuildFile; fileRef = 36100A3528773022003A8456 /* CoinListViewModel.swift */; };
		36100A3828773273003A8456 /* NetworkState.swift in Sources */ = {isa = PBXBuildFile; fileRef = 36100A3728773273003A8456 /* NetworkState.swift */; };
		36288F8F28783A62008BA62F /* MarketsOrder.swift in Sources */ = {isa = PBXBuildFile; fileRef = 36288F8E28783A62008BA62F /* MarketsOrder.swift */; };
		36E9C571287822AE0024E218 /* CoinRowView.swift in Sources */ = {isa = PBXBuildFile; fileRef = 36E9C570287822AD0024E218 /* CoinRowView.swift */; };
/* End PBXBuildFile section */

/* Begin PBXFileReference section */
		36100A0C28772333003A8456 /* MarketCup.app */ = {isa = PBXFileReference; explicitFileType = wrapper.application; includeInIndex = 0; path = MarketCup.app; sourceTree = BUILT_PRODUCTS_DIR; };
		36100A0F28772333003A8456 /* MarketCupApp.swift */ = {isa = PBXFileReference; lastKnownFileType = sourcecode.swift; path = MarketCupApp.swift; sourceTree = "<group>"; };
		36100A1128772333003A8456 /* CoinListView.swift */ = {isa = PBXFileReference; lastKnownFileType = sourcecode.swift; path = CoinListView.swift; sourceTree = "<group>"; };
		36100A1328772334003A8456 /* Assets.xcassets */ = {isa = PBXFileReference; lastKnownFileType = folder.assetcatalog; path = Assets.xcassets; sourceTree = "<group>"; };
		36100A1628772335003A8456 /* Preview Assets.xcassets */ = {isa = PBXFileReference; lastKnownFileType = folder.assetcatalog; path = "Preview Assets.xcassets"; sourceTree = "<group>"; };
		36100A1E28772445003A8456 /* Market.swift */ = {isa = PBXFileReference; lastKnownFileType = sourcecode.swift; path = Market.swift; sourceTree = "<group>"; };
		36100A20287724DA003A8456 /* Roi.swift */ = {isa = PBXFileReference; lastKnownFileType = sourcecode.swift; path = Roi.swift; sourceTree = "<group>"; };
		36100A282877276A003A8456 /* Endpoint.swift */ = {isa = PBXFileReference; lastKnownFileType = sourcecode.swift; path = Endpoint.swift; sourceTree = "<group>"; };
		36100A2A28772814003A8456 /* RequestMethod.swift */ = {isa = PBXFileReference; lastKnownFileType = sourcecode.swift; path = RequestMethod.swift; sourceTree = "<group>"; };
		36100A2C28772847003A8456 /* APIError.swift */ = {isa = PBXFileReference; lastKnownFileType = sourcecode.swift; path = APIError.swift; sourceTree = "<group>"; };
		36100A2E28772879003A8456 /* NetworkService.swift */ = {isa = PBXFileReference; lastKnownFileType = sourcecode.swift; path = NetworkService.swift; sourceTree = "<group>"; };
		36100A3128772A45003A8456 /* MarketsService.swift */ = {isa = PBXFileReference; lastKnownFileType = sourcecode.swift; path = MarketsService.swift; sourceTree = "<group>"; };
		36100A3528773022003A8456 /* CoinListViewModel.swift */ = {isa = PBXFileReference; lastKnownFileType = sourcecode.swift; path = CoinListViewModel.swift; sourceTree = "<group>"; };
		36100A3728773273003A8456 /* NetworkState.swift */ = {isa = PBXFileReference; lastKnownFileType = sourcecode.swift; path = NetworkState.swift; sourceTree = "<group>"; };
		36288F8E28783A62008BA62F /* MarketsOrder.swift */ = {isa = PBXFileReference; lastKnownFileType = sourcecode.swift; path = MarketsOrder.swift; sourceTree = "<group>"; };
		36E9C570287822AD0024E218 /* CoinRowView.swift */ = {isa = PBXFileReference; lastKnownFileType = sourcecode.swift; path = CoinRowView.swift; sourceTree = "<group>"; };
/* End PBXFileReference section */

/* Begin PBXFrameworksBuildPhase section */
		36100A0928772333003A8456 /* Frameworks */ = {
			isa = PBXFrameworksBuildPhase;
			buildActionMask = 2147483647;
			files = (
			);
			runOnlyForDeploymentPostprocessing = 0;
		};
/* End PBXFrameworksBuildPhase section */

/* Begin PBXGroup section */
		36100A0328772333003A8456 = {
			isa = PBXGroup;
			children = (
				36100A0E28772333003A8456 /* MarketCup */,
				36100A0D28772333003A8456 /* Products */,
			);
			sourceTree = "<group>";
		};
		36100A0D28772333003A8456 /* Products */ = {
			isa = PBXGroup;
			children = (
				36100A0C28772333003A8456 /* MarketCup.app */,
			);
			name = Products;
			sourceTree = "<group>";
		};
		36100A0E28772333003A8456 /* MarketCup */ = {
			isa = PBXGroup;
			children = (
				36100A27287726B2003A8456 /* Config */,
				36100A24287725B7003A8456 /* Networking */,
				36100A3028772A17003A8456 /* APIs */,
				36100A1D2877233D003A8456 /* Model */,
				36100A23287725A5003A8456 /* View */,
				36100A2228772591003A8456 /* ViewModel */,
				36100A0F28772333003A8456 /* MarketCupApp.swift */,
				36100A1328772334003A8456 /* Assets.xcassets */,
				36100A1528772335003A8456 /* Preview Content */,
			);
			path = MarketCup;
			sourceTree = "<group>";
		};
		36100A1528772335003A8456 /* Preview Content */ = {
			isa = PBXGroup;
			children = (
				36100A1628772335003A8456 /* Preview Assets.xcassets */,
			);
			path = "Preview Content";
			sourceTree = "<group>";
		};
		36100A1D2877233D003A8456 /* Model */ = {
			isa = PBXGroup;
			children = (
				36100A1E28772445003A8456 /* Market.swift */,
				36288F8E28783A62008BA62F /* MarketsOrder.swift */,
				36100A20287724DA003A8456 /* Roi.swift */,
			);
			path = Model;
			sourceTree = "<group>";
		};
		36100A2228772591003A8456 /* ViewModel */ = {
			isa = PBXGroup;
			children = (
				36100A3528773022003A8456 /* CoinListViewModel.swift */,
			);
			path = ViewModel;
			sourceTree = "<group>";
		};
		36100A23287725A5003A8456 /* View */ = {
			isa = PBXGroup;
			children = (
				36100A1128772333003A8456 /* CoinListView.swift */,
				36E9C570287822AD0024E218 /* CoinRowView.swift */,
			);
			path = View;
			sourceTree = "<group>";
		};
		36100A24287725B7003A8456 /* Networking */ = {
			isa = PBXGroup;
			children = (
				36100A2C28772847003A8456 /* APIError.swift */,
				36100A282877276A003A8456 /* Endpoint.swift */,
				36100A2E28772879003A8456 /* NetworkService.swift */,
				36100A3728773273003A8456 /* NetworkState.swift */,
				36100A2A28772814003A8456 /* RequestMethod.swift */,
			);
			path = Networking;
			sourceTree = "<group>";
		};
		36100A27287726B2003A8456 /* Config */ = {
			isa = PBXGroup;
			children = (
			);
			path = Config;
			sourceTree = "<group>";
		};
		36100A3028772A17003A8456 /* APIs */ = {
			isa = PBXGroup;
			children = (
				36100A3128772A45003A8456 /* MarketsService.swift */,
			);
			path = APIs;
			sourceTree = "<group>";
		};
/* End PBXGroup section */

/* Begin PBXNativeTarget section */
		36100A0B28772333003A8456 /* MarketCup */ = {
			isa = PBXNativeTarget;
			buildConfigurationList = 36100A1A28772335003A8456 /* Build configuration list for PBXNativeTarget "MarketCup" */;
			buildPhases = (
				36100A0828772333003A8456 /* Sources */,
				36100A0928772333003A8456 /* Frameworks */,
				36100A0A28772333003A8456 /* Resources */,
			);
			buildRules = (
			);
			dependencies = (
			);
			name = MarketCup;
			productName = MarketCup;
			productReference = 36100A0C28772333003A8456 /* MarketCup.app */;
			productType = "com.apple.product-type.application";
		};
/* End PBXNativeTarget section */

/* Begin PBXProject section */
		36100A0428772333003A8456 /* Project object */ = {
			isa = PBXProject;
			attributes = {
				BuildIndependentTargetsInParallel = 1;
				LastSwiftUpdateCheck = 1330;
				LastUpgradeCheck = 1330;
				TargetAttributes = {
					36100A0B28772333003A8456 = {
						CreatedOnToolsVersion = 13.3.1;
					};
				};
			};
			buildConfigurationList = 36100A0728772333003A8456 /* Build configuration list for PBXProject "MarketCup" */;
			compatibilityVersion = "Xcode 13.0";
			developmentRegion = en;
			hasScannedForEncodings = 0;
			knownRegions = (
				en,
				Base,
			);
			mainGroup = 36100A0328772333003A8456;
			productRefGroup = 36100A0D28772333003A8456 /* Products */;
			projectDirPath = "";
			projectRoot = "";
			targets = (
				36100A0B28772333003A8456 /* MarketCup */,
			);
		};
/* End PBXProject section */

/* Begin PBXResourcesBuildPhase section */
		36100A0A28772333003A8456 /* Resources */ = {
			isa = PBXResourcesBuildPhase;
			buildActionMask = 2147483647;
			files = (
				36100A1728772335003A8456 /* Preview Assets.xcassets in Resources */,
				36100A1428772334003A8456 /* Assets.xcassets in Resources */,
			);
			runOnlyForDeploymentPostprocessing = 0;
		};
/* End PBXResourcesBuildPhase section */

/* Begin PBXSourcesBuildPhase section */
		36100A0828772333003A8456 /* Sources */ = {
			isa = PBXSourcesBuildPhase;
			buildActionMask = 2147483647;
			files = (
				36100A3828773273003A8456 /* NetworkState.swift in Sources */,
				36E9C571287822AE0024E218 /* CoinRowView.swift in Sources */,
				36100A1228772333003A8456 /* CoinListView.swift in Sources */,
				36100A1028772333003A8456 /* MarketCupApp.swift in Sources */,
				36100A2F28772879003A8456 /* NetworkService.swift in Sources */,
				36100A21287724DA003A8456 /* Roi.swift in Sources */,
				36100A1F28772445003A8456 /* Market.swift in Sources */,
				36100A2B28772814003A8456 /* RequestMethod.swift in Sources */,
				36100A3228772A45003A8456 /* MarketsService.swift in Sources */,
				36288F8F28783A62008BA62F /* MarketsOrder.swift in Sources */,
				36100A292877276A003A8456 /* Endpoint.swift in Sources */,
				36100A2D28772847003A8456 /* APIError.swift in Sources */,
				36100A3628773022003A8456 /* CoinListViewModel.swift in Sources */,
			);
			runOnlyForDeploymentPostprocessing = 0;
		};
/* End PBXSourcesBuildPhase section */

/* Begin XCBuildConfiguration section */
		36100A1828772335003A8456 /* Debug */ = {
			isa = XCBuildConfiguration;
			buildSettings = {
				ALWAYS_SEARCH_USER_PATHS = NO;
				CLANG_ANALYZER_NONNULL = YES;
				CLANG_ANALYZER_NUMBER_OBJECT_CONVERSION = YES_AGGRESSIVE;
				CLANG_CXX_LANGUAGE_STANDARD = "gnu++17";
				CLANG_ENABLE_MODULES = YES;
				CLANG_ENABLE_OBJC_ARC = YES;
				CLANG_ENABLE_OBJC_WEAK = YES;
				CLANG_WARN_BLOCK_CAPTURE_AUTORELEASING = YES;
				CLANG_WARN_BOOL_CONVERSION = YES;
				CLANG_WARN_COMMA = YES;
				CLANG_WARN_CONSTANT_CONVERSION = YES;
				CLANG_WARN_DEPRECATED_OBJC_IMPLEMENTATIONS = YES;
				CLANG_WARN_DIRECT_OBJC_ISA_USAGE = YES_ERROR;
				CLANG_WARN_DOCUMENTATION_COMMENTS = YES;
				CLANG_WARN_EMPTY_BODY = YES;
				CLANG_WARN_ENUM_CONVERSION = YES;
				CLANG_WARN_INFINITE_RECURSION = YES;
				CLANG_WARN_INT_CONVERSION = YES;
				CLANG_WARN_NON_LITERAL_NULL_CONVERSION = YES;
				CLANG_WARN_OBJC_IMPLICIT_RETAIN_SELF = YES;
				CLANG_WARN_OBJC_LITERAL_CONVERSION = YES;
				CLANG_WARN_OBJC_ROOT_CLASS = YES_ERROR;
				CLANG_WARN_QUOTED_INCLUDE_IN_FRAMEWORK_HEADER = YES;
				CLANG_WARN_RANGE_LOOP_ANALYSIS = YES;
				CLANG_WARN_STRICT_PROTOTYPES = YES;
				CLANG_WARN_SUSPICIOUS_MOVE = YES;
				CLANG_WARN_UNGUARDED_AVAILABILITY = YES_AGGRESSIVE;
				CLANG_WARN_UNREACHABLE_CODE = YES;
				CLANG_WARN__DUPLICATE_METHOD_MATCH = YES;
				COPY_PHASE_STRIP = NO;
				DEBUG_INFORMATION_FORMAT = dwarf;
				ENABLE_STRICT_OBJC_MSGSEND = YES;
				ENABLE_TESTABILITY = YES;
				GCC_C_LANGUAGE_STANDARD = gnu11;
				GCC_DYNAMIC_NO_PIC = NO;
				GCC_NO_COMMON_BLOCKS = YES;
				GCC_OPTIMIZATION_LEVEL = 0;
				GCC_PREPROCESSOR_DEFINITIONS = (
					"DEBUG=1",
					"$(inherited)",
				);
				GCC_WARN_64_TO_32_BIT_CONVERSION = YES;
				GCC_WARN_ABOUT_RETURN_TYPE = YES_ERROR;
				GCC_WARN_UNDECLARED_SELECTOR = YES;
				GCC_WARN_UNINITIALIZED_AUTOS = YES_AGGRESSIVE;
				GCC_WARN_UNUSED_FUNCTION = YES;
				GCC_WARN_UNUSED_VARIABLE = YES;
				IPHONEOS_DEPLOYMENT_TARGET = 15.4;
				MTL_ENABLE_DEBUG_INFO = INCLUDE_SOURCE;
				MTL_FAST_MATH = YES;
				ONLY_ACTIVE_ARCH = YES;
				SDKROOT = iphoneos;
				SWIFT_ACTIVE_COMPILATION_CONDITIONS = DEBUG;
				SWIFT_OPTIMIZATION_LEVEL = "-Onone";
			};
			name = Debug;
		};
		36100A1928772335003A8456 /* Release */ = {
			isa = XCBuildConfiguration;
			buildSettings = {
				ALWAYS_SEARCH_USER_PATHS = NO;
				CLANG_ANALYZER_NONNULL = YES;
				CLANG_ANALYZER_NUMBER_OBJECT_CONVERSION = YES_AGGRESSIVE;
				CLANG_CXX_LANGUAGE_STANDARD = "gnu++17";
				CLANG_ENABLE_MODULES = YES;
				CLANG_ENABLE_OBJC_ARC = YES;
				CLANG_ENABLE_OBJC_WEAK = YES;
				CLANG_WARN_BLOCK_CAPTURE_AUTORELEASING = YES;
				CLANG_WARN_BOOL_CONVERSION = YES;
				CLANG_WARN_COMMA = YES;
				CLANG_WARN_CONSTANT_CONVERSION = YES;
				CLANG_WARN_DEPRECATED_OBJC_IMPLEMENTATIONS = YES;
				CLANG_WARN_DIRECT_OBJC_ISA_USAGE = YES_ERROR;
				CLANG_WARN_DOCUMENTATION_COMMENTS = YES;
				CLANG_WARN_EMPTY_BODY = YES;
				CLANG_WARN_ENUM_CONVERSION = YES;
				CLANG_WARN_INFINITE_RECURSION = YES;
				CLANG_WARN_INT_CONVERSION = YES;
				CLANG_WARN_NON_LITERAL_NULL_CONVERSION = YES;
				CLANG_WARN_OBJC_IMPLICIT_RETAIN_SELF = YES;
				CLANG_WARN_OBJC_LITERAL_CONVERSION = YES;
				CLANG_WARN_OBJC_ROOT_CLASS = YES_ERROR;
				CLANG_WARN_QUOTED_INCLUDE_IN_FRAMEWORK_HEADER = YES;
				CLANG_WARN_RANGE_LOOP_ANALYSIS = YES;
				CLANG_WARN_STRICT_PROTOTYPES = YES;
				CLANG_WARN_SUSPICIOUS_MOVE = YES;
				CLANG_WARN_UNGUARDED_AVAILABILITY = YES_AGGRESSIVE;
				CLANG_WARN_UNREACHABLE_CODE = YES;
				CLANG_WARN__DUPLICATE_METHOD_MATCH = YES;
				COPY_PHASE_STRIP = NO;
				DEBUG_INFORMATION_FORMAT = "dwarf-with-dsym";
				ENABLE_NS_ASSERTIONS = NO;
				ENABLE_STRICT_OBJC_MSGSEND = YES;
				GCC_C_LANGUAGE_STANDARD = gnu11;
				GCC_NO_COMMON_BLOCKS = YES;
				GCC_WARN_64_TO_32_BIT_CONVERSION = YES;
				GCC_WARN_ABOUT_RETURN_TYPE = YES_ERROR;
				GCC_WARN_UNDECLARED_SELECTOR = YES;
				GCC_WARN_UNINITIALIZED_AUTOS = YES_AGGRESSIVE;
				GCC_WARN_UNUSED_FUNCTION = YES;
				GCC_WARN_UNUSED_VARIABLE = YES;
				IPHONEOS_DEPLOYMENT_TARGET = 15.4;
				MTL_ENABLE_DEBUG_INFO = NO;
				MTL_FAST_MATH = YES;
				SDKROOT = iphoneos;
				SWIFT_COMPILATION_MODE = wholemodule;
				SWIFT_OPTIMIZATION_LEVEL = "-O";
				VALIDATE_PRODUCT = YES;
			};
			name = Release;
		};
		36100A1B28772335003A8456 /* Debug */ = {
			isa = XCBuildConfiguration;
			buildSettings = {
				ASSETCATALOG_COMPILER_APPICON_NAME = AppIcon;
				ASSETCATALOG_COMPILER_GLOBAL_ACCENT_COLOR_NAME = AccentColor;
				CODE_SIGN_STYLE = Automatic;
				CURRENT_PROJECT_VERSION = 1;
				DEVELOPMENT_ASSET_PATHS = "\"MarketCup/Preview Content\"";
				DEVELOPMENT_TEAM = 74NEMUMYKN;
				ENABLE_PREVIEWS = YES;
				GENERATE_INFOPLIST_FILE = YES;
				INFOPLIST_KEY_UIApplicationSceneManifest_Generation = YES;
				INFOPLIST_KEY_UIApplicationSupportsIndirectInputEvents = YES;
				INFOPLIST_KEY_UILaunchScreen_Generation = YES;
				INFOPLIST_KEY_UISupportedInterfaceOrientations_iPad = "UIInterfaceOrientationPortrait UIInterfaceOrientationPortraitUpsideDown UIInterfaceOrientationLandscapeLeft UIInterfaceOrientationLandscapeRight";
				INFOPLIST_KEY_UISupportedInterfaceOrientations_iPhone = "UIInterfaceOrientationPortrait UIInterfaceOrientationLandscapeLeft UIInterfaceOrientationLandscapeRight";
				LD_RUNPATH_SEARCH_PATHS = (
					"$(inherited)",
					"@executable_path/Frameworks",
				);
				MARKETING_VERSION = 1.0;
				PRODUCT_BUNDLE_IDENTIFIER = com.celes.MarketCup;
				PRODUCT_NAME = "$(TARGET_NAME)";
				SWIFT_EMIT_LOC_STRINGS = YES;
				SWIFT_VERSION = 5.0;
				TARGETED_DEVICE_FAMILY = "1,2";
			};
			name = Debug;
		};
		36100A1C28772335003A8456 /* Release */ = {
			isa = XCBuildConfiguration;
			buildSettings = {
				ASSETCATALOG_COMPILER_APPICON_NAME = AppIcon;
				ASSETCATALOG_COMPILER_GLOBAL_ACCENT_COLOR_NAME = AccentColor;
				CODE_SIGN_STYLE = Automatic;
				CURRENT_PROJECT_VERSION = 1;
				DEVELOPMENT_ASSET_PATHS = "\"MarketCup/Preview Content\"";
				DEVELOPMENT_TEAM = 74NEMUMYKN;
				ENABLE_PREVIEWS = YES;
				GENERATE_INFOPLIST_FILE = YES;
				INFOPLIST_KEY_UIApplicationSceneManifest_Generation = YES;
				INFOPLIST_KEY_UIApplicationSupportsIndirectInputEvents = YES;
				INFOPLIST_KEY_UILaunchScreen_Generation = YES;
				INFOPLIST_KEY_UISupportedInterfaceOrientations_iPad = "UIInterfaceOrientationPortrait UIInterfaceOrientationPortraitUpsideDown UIInterfaceOrientationLandscapeLeft UIInterfaceOrientationLandscapeRight";
				INFOPLIST_KEY_UISupportedInterfaceOrientations_iPhone = "UIInterfaceOrientationPortrait UIInterfaceOrientationLandscapeLeft UIInterfaceOrientationLandscapeRight";
				LD_RUNPATH_SEARCH_PATHS = (
					"$(inherited)",
					"@executable_path/Frameworks",
				);
				MARKETING_VERSION = 1.0;
				PRODUCT_BUNDLE_IDENTIFIER = com.celes.MarketCup;
				PRODUCT_NAME = "$(TARGET_NAME)";
				SWIFT_EMIT_LOC_STRINGS = YES;
				SWIFT_VERSION = 5.0;
				TARGETED_DEVICE_FAMILY = "1,2";
			};
			name = Release;
		};
/* End XCBuildConfiguration section */

/* Begin XCConfigurationList section */
		36100A0728772333003A8456 /* Build configuration list for PBXProject "MarketCup" */ = {
			isa = XCConfigurationList;
			buildConfigurations = (
				36100A1828772335003A8456 /* Debug */,
				36100A1928772335003A8456 /* Release */,
			);
			defaultConfigurationIsVisible = 0;
			defaultConfigurationName = Release;
		};
		36100A1A28772335003A8456 /* Build configuration list for PBXNativeTarget "MarketCup" */ = {
			isa = XCConfigurationList;
			buildConfigurations = (
				36100A1B28772335003A8456 /* Debug */,
				36100A1C28772335003A8456 /* Release */,
			);
			defaultConfigurationIsVisible = 0;
			defaultConfigurationName = Release;
		};
/* End XCConfigurationList section */
	};
	rootObject = 36100A0428772333003A8456 /* Project object */;
}
